
Microsoft Visual Studio Solution File, Format Version 12.00
# Visual Studio Version 17
VisualStudioVersion = 17.7.34221.43
MinimumVisualStudioVersion = 10.0.40219.1
Project("{FAE04EC0-301F-11D3-BF4B-00C04F79EFBC}") = "WpfUiTest", "WpfUiTest\WpfUiTest.csproj", "{C598BDFB-1BA5-4BA6-98FF-239FA7E570BE}"
EndProject
Global
	GlobalSection(SolutionConfigurationPlatforms) = preSolution
		Debug|Any CPU = Debug|Any CPU
		Release|Any CPU = Release|Any CPU
	EndGlobalSection
	GlobalSection(ProjectConfigurationPlatforms) = postSolution
		{C598BDFB-1BA5-4BA6-98FF-239FA7E570BE}.Debug|Any CPU.ActiveCfg = Debug|Any CPU
		{C598BDFB-1BA5-4BA6-98FF-239FA7E570BE}.Debug|Any CPU.Build.0 = Debug|Any CPU
		{C598BDFB-1BA5-4BA6-98FF-239FA7E570BE}.Release|Any CPU.ActiveCfg = Release|Any CPU
		{C598BDFB-1BA5-4BA6-98FF-239FA7E570BE}.Release|Any CPU.Build.0 = Release|Any CPU
	EndGlobalSection
	GlobalSection(SolutionProperties) = preSolution
		HideSolutionNode = FALSE
	EndGlobalSection
	GlobalSection(ExtensibilityGlobals) = postSolution
		SolutionGuid = {05376BC2-D223-4CBB-BC27-80C4D0F6D107}
	EndGlobalSection
EndGlobal
